
Microsoft Visual Studio Solution File, Format Version 12.00
# Visual Studio Version 17
VisualStudioVersion = 17.7.34009.444
MinimumVisualStudioVersion = 10.0.40219.1
Project("{FAE04EC0-301F-11D3-BF4B-00C04F79EFBC}") = "Datos", "Datos\Datos.csproj", "{64DE4F58-E1CF-45F4-AD2E-B19D9E739A68}"
EndProject
Global
	GlobalSection(SolutionConfigurationPlatforms) = preSolution
		Debug|Any CPU = Debug|Any CPU
		Release|Any CPU = Release|Any CPU
	EndGlobalSection
	GlobalSection(ProjectConfigurationPlatforms) = postSolution
		{64DE4F58-E1CF-45F4-AD2E-B19D9E739A68}.Debug|Any CPU.ActiveCfg = Debug|Any CPU
		{64DE4F58-E1CF-45F4-AD2E-B19D9E739A68}.Debug|Any CPU.Build.0 = Debug|Any CPU
		{64DE4F58-E1CF-45F4-AD2E-B19D9E739A68}.Release|Any CPU.ActiveCfg = Release|Any CPU
		{64DE4F58-E1CF-45F4-AD2E-B19D9E739A68}.Release|Any CPU.Build.0 = Release|Any CPU
	EndGlobalSection
	GlobalSection(SolutionProperties) = preSolution
		HideSolutionNode = FALSE
	EndGlobalSection
	GlobalSection(ExtensibilityGlobals) = postSolution
		SolutionGuid = {98591272-7697-437E-9623-46B64D1B1B97}
	EndGlobalSection
EndGlobal
